// !$*UTF8*$!
{
	archiveVersion = 1;
	classes = {
	};
	objectVersion = 56;
	objects = {

/* Begin PBXBuildFile section */
		C86AB7E0E0F8D47D9519DE7C /* Pods_Lesson_1.framework in Frameworks */ = {isa = PBXBuildFile; fileRef = 94199C374F2BE1AF5417434E /* Pods_Lesson_1.framework */; };
		DE1046762A40E9C5001D27BC /* AppDelegate.swift in Sources */ = {isa = PBXBuildFile; fileRef = DE1046752A40E9C5001D27BC /* AppDelegate.swift */; };
		DE1046782A40E9C5001D27BC /* SceneDelegate.swift in Sources */ = {isa = PBXBuildFile; fileRef = DE1046772A40E9C5001D27BC /* SceneDelegate.swift */; };
		DE10467A2A40E9C5001D27BC /* ViewController.swift in Sources */ = {isa = PBXBuildFile; fileRef = DE1046792A40E9C5001D27BC /* ViewController.swift */; };
		DE10467D2A40E9C5001D27BC /* Main.storyboard in Resources */ = {isa = PBXBuildFile; fileRef = DE10467B2A40E9C5001D27BC /* Main.storyboard */; };
		DE10467F2A40E9C7001D27BC /* Assets.xcassets in Resources */ = {isa = PBXBuildFile; fileRef = DE10467E2A40E9C7001D27BC /* Assets.xcassets */; };
		DE1046822A40E9C7001D27BC /* LaunchScreen.storyboard in Resources */ = {isa = PBXBuildFile; fileRef = DE1046802A40E9C7001D27BC /* LaunchScreen.storyboard */; };
/* End PBXBuildFile section */

/* Begin PBXFileReference section */
		6061086378B12C7AD6BEBBE5 /* Pods-Lesson 1.debug.xcconfig */ = {isa = PBXFileReference; includeInIndex = 1; lastKnownFileType = text.xcconfig; name = "Pods-Lesson 1.debug.xcconfig"; path = "Target Support Files/Pods-Lesson 1/Pods-Lesson 1.debug.xcconfig"; sourceTree = "<group>"; };
		94199C374F2BE1AF5417434E /* Pods_Lesson_1.framework */ = {isa = PBXFileReference; explicitFileType = wrapper.framework; includeInIndex = 0; path = Pods_Lesson_1.framework; sourceTree = BUILT_PRODUCTS_DIR; };
		9AFF8615086E8814D49EA5E4 /* Pods-Lesson 1.release.xcconfig */ = {isa = PBXFileReference; includeInIndex = 1; lastKnownFileType = text.xcconfig; name = "Pods-Lesson 1.release.xcconfig"; path = "Target Support Files/Pods-Lesson 1/Pods-Lesson 1.release.xcconfig"; sourceTree = "<group>"; };
		DE1046722A40E9C5001D27BC /* Lesson 1.app */ = {isa = PBXFileReference; explicitFileType = wrapper.application; includeInIndex = 0; path = "Lesson 1.app"; sourceTree = BUILT_PRODUCTS_DIR; };
		DE1046752A40E9C5001D27BC /* AppDelegate.swift */ = {isa = PBXFileReference; lastKnownFileType = sourcecode.swift; path = AppDelegate.swift; sourceTree = "<group>"; };
		DE1046772A40E9C5001D27BC /* SceneDelegate.swift */ = {isa = PBXFileReference; lastKnownFileType = sourcecode.swift; path = SceneDelegate.swift; sourceTree = "<group>"; };
		DE1046792A40E9C5001D27BC /* ViewController.swift */ = {isa = PBXFileReference; lastKnownFileType = sourcecode.swift; path = ViewController.swift; sourceTree = "<group>"; };
		DE10467C2A40E9C5001D27BC /* Base */ = {isa = PBXFileReference; lastKnownFileType = file.storyboard; name = Base; path = Base.lproj/Main.storyboard; sourceTree = "<group>"; };
		DE10467E2A40E9C7001D27BC /* Assets.xcassets */ = {isa = PBXFileReference; lastKnownFileType = folder.assetcatalog; path = Assets.xcassets; sourceTree = "<group>"; };
		DE1046812A40E9C7001D27BC /* Base */ = {isa = PBXFileReference; lastKnownFileType = file.storyboard; name = Base; path = Base.lproj/LaunchScreen.storyboard; sourceTree = "<group>"; };
		DE1046832A40E9C7001D27BC /* Info.plist */ = {isa = PBXFileReference; lastKnownFileType = text.plist.xml; path = Info.plist; sourceTree = "<group>"; };
		DE1046892A40EC3B001D27BC /* Lesson 1.entitlements */ = {isa = PBXFileReference; lastKnownFileType = text.plist.entitlements; path = "Lesson 1.entitlements"; sourceTree = "<group>"; };
/* End PBXFileReference section */

/* Begin PBXFrameworksBuildPhase section */
		DE10466F2A40E9C5001D27BC /* Frameworks */ = {
			isa = PBXFrameworksBuildPhase;
			buildActionMask = 2147483647;
			files = (
				C86AB7E0E0F8D47D9519DE7C /* Pods_Lesson_1.framework in Frameworks */,
			);
			runOnlyForDeploymentPostprocessing = 0;
		};
/* End PBXFrameworksBuildPhase section */

/* Begin PBXGroup section */
		DE1046692A40E9C5001D27BC = {
			isa = PBXGroup;
			children = (
				DE1046742A40E9C5001D27BC /* Lesson 1 */,
				DE1046732A40E9C5001D27BC /* Products */,
				FBF56260DE484FC916C1422E /* Pods */,
				EC1140AD65349C2A4F1FD826 /* Frameworks */,
			);
			sourceTree = "<group>";
		};
		DE1046732A40E9C5001D27BC /* Products */ = {
			isa = PBXGroup;
			children = (
				DE1046722A40E9C5001D27BC /* Lesson 1.app */,
			);
			name = Products;
			sourceTree = "<group>";
		};
		DE1046742A40E9C5001D27BC /* Lesson 1 */ = {
			isa = PBXGroup;
			children = (
				DE1046892A40EC3B001D27BC /* Lesson 1.entitlements */,
				DE1046752A40E9C5001D27BC /* AppDelegate.swift */,
				DE1046772A40E9C5001D27BC /* SceneDelegate.swift */,
				DE1046792A40E9C5001D27BC /* ViewController.swift */,
				DE10467B2A40E9C5001D27BC /* Main.storyboard */,
				DE10467E2A40E9C7001D27BC /* Assets.xcassets */,
				DE1046802A40E9C7001D27BC /* LaunchScreen.storyboard */,
				DE1046832A40E9C7001D27BC /* Info.plist */,
			);
			path = "Lesson 1";
			sourceTree = "<group>";
		};
		EC1140AD65349C2A4F1FD826 /* Frameworks */ = {
			isa = PBXGroup;
			children = (
				94199C374F2BE1AF5417434E /* Pods_Lesson_1.framework */,
			);
			name = Frameworks;
			sourceTree = "<group>";
		};
		FBF56260DE484FC916C1422E /* Pods */ = {
			isa = PBXGroup;
			children = (
				6061086378B12C7AD6BEBBE5 /* Pods-Lesson 1.debug.xcconfig */,
				9AFF8615086E8814D49EA5E4 /* Pods-Lesson 1.release.xcconfig */,
			);
			path = Pods;
			sourceTree = "<group>";
		};
/* End PBXGroup section */

/* Begin PBXNativeTarget section */
		DE1046712A40E9C5001D27BC /* Lesson 1 */ = {
			isa = PBXNativeTarget;
			buildConfigurationList = DE1046862A40E9C7001D27BC /* Build configuration list for PBXNativeTarget "Lesson 1" */;
			buildPhases = (
				E0AB9792B23BB67A4F9DA066 /* [CP] Check Pods Manifest.lock */,
				DE10466E2A40E9C5001D27BC /* Sources */,
				DE10466F2A40E9C5001D27BC /* Frameworks */,
				DE1046702A40E9C5001D27BC /* Resources */,
				3255DA2F5D6060069944CEB8 /* [CP] Copy Pods Resources */,
			);
			buildRules = (
			);
			dependencies = (
			);
			name = "Lesson 1";
			productName = "Lesson 1";
			productReference = DE1046722A40E9C5001D27BC /* Lesson 1.app */;
			productType = "com.apple.product-type.application";
		};
/* End PBXNativeTarget section */

/* Begin PBXProject section */
		DE10466A2A40E9C5001D27BC /* Project object */ = {
			isa = PBXProject;
			attributes = {
				BuildIndependentTargetsInParallel = 1;
				LastSwiftUpdateCheck = 1420;
				LastUpgradeCheck = 1420;
				TargetAttributes = {
					DE1046712A40E9C5001D27BC = {
						CreatedOnToolsVersion = 14.2;
					};
				};
			};
			buildConfigurationList = DE10466D2A40E9C5001D27BC /* Build configuration list for PBXProject "Lesson 1" */;
			compatibilityVersion = "Xcode 14.0";
			developmentRegion = en;
			hasScannedForEncodings = 0;
			knownRegions = (
				en,
				Base,
			);
			mainGroup = DE1046692A40E9C5001D27BC;
			productRefGroup = DE1046732A40E9C5001D27BC /* Products */;
			projectDirPath = "";
			projectRoot = "";
			targets = (
				DE1046712A40E9C5001D27BC /* Lesson 1 */,
			);
		};
/* End PBXProject section */

/* Begin PBXResourcesBuildPhase section */
		DE1046702A40E9C5001D27BC /* Resources */ = {
			isa = PBXResourcesBuildPhase;
			buildActionMask = 2147483647;
			files = (
				DE1046822A40E9C7001D27BC /* LaunchScreen.storyboard in Resources */,
				DE10467F2A40E9C7001D27BC /* Assets.xcassets in Resources */,
				DE10467D2A40E9C5001D27BC /* Main.storyboard in Resources */,
			);
			runOnlyForDeploymentPostprocessing = 0;
		};
/* End PBXResourcesBuildPhase section */

/* Begin PBXShellScriptBuildPhase section */
		3255DA2F5D6060069944CEB8 /* [CP] Copy Pods Resources */ = {
			isa = PBXShellScriptBuildPhase;
			buildActionMask = 2147483647;
			files = (
			);
			inputFileListPaths = (
				"${PODS_ROOT}/Target Support Files/Pods-Lesson 1/Pods-Lesson 1-resources-${CONFIGURATION}-input-files.xcfilelist",
			);
			name = "[CP] Copy Pods Resources";
			outputFileListPaths = (
				"${PODS_ROOT}/Target Support Files/Pods-Lesson 1/Pods-Lesson 1-resources-${CONFIGURATION}-output-files.xcfilelist",
			);
			runOnlyForDeploymentPostprocessing = 0;
			shellPath = /bin/sh;
			shellScript = "\"${PODS_ROOT}/Target Support Files/Pods-Lesson 1/Pods-Lesson 1-resources.sh\"\n";
			showEnvVarsInLog = 0;
		};
		E0AB9792B23BB67A4F9DA066 /* [CP] Check Pods Manifest.lock */ = {
			isa = PBXShellScriptBuildPhase;
			buildActionMask = 2147483647;
			files = (
			);
			inputFileListPaths = (
			);
			inputPaths = (
				"${PODS_PODFILE_DIR_PATH}/Podfile.lock",
				"${PODS_ROOT}/Manifest.lock",
			);
			name = "[CP] Check Pods Manifest.lock";
			outputFileListPaths = (
			);
			outputPaths = (
				"$(DERIVED_FILE_DIR)/Pods-Lesson 1-checkManifestLockResult.txt",
			);
			runOnlyForDeploymentPostprocessing = 0;
			shellPath = /bin/sh;
			shellScript = "diff \"${PODS_PODFILE_DIR_PATH}/Podfile.lock\" \"${PODS_ROOT}/Manifest.lock\" > /dev/null\nif [ $? != 0 ] ; then\n    # print error to STDERR\n    echo \"error: The sandbox is not in sync with the Podfile.lock. Run 'pod install' or update your CocoaPods installation.\" >&2\n    exit 1\nfi\n# This output is used by Xcode 'outputs' to avoid re-running this script phase.\necho \"SUCCESS\" > \"${SCRIPT_OUTPUT_FILE_0}\"\n";
			showEnvVarsInLog = 0;
		};
/* End PBXShellScriptBuildPhase section */

/* Begin PBXSourcesBuildPhase section */
		DE10466E2A40E9C5001D27BC /* Sources */ = {
			isa = PBXSourcesBuildPhase;
			buildActionMask = 2147483647;
			files = (
				DE10467A2A40E9C5001D27BC /* ViewController.swift in Sources */,
				DE1046762A40E9C5001D27BC /* AppDelegate.swift in Sources */,
				DE1046782A40E9C5001D27BC /* SceneDelegate.swift in Sources */,
			);
			runOnlyForDeploymentPostprocessing = 0;
		};
/* End PBXSourcesBuildPhase section */

/* Begin PBXVariantGroup section */
		DE10467B2A40E9C5001D27BC /* Main.storyboard */ = {
			isa = PBXVariantGroup;
			children = (
				DE10467C2A40E9C5001D27BC /* Base */,
			);
			name = Main.storyboard;
			sourceTree = "<group>";
		};
		DE1046802A40E9C7001D27BC /* LaunchScreen.storyboard */ = {
			isa = PBXVariantGroup;
			children = (
				DE1046812A40E9C7001D27BC /* Base */,
			);
			name = LaunchScreen.storyboard;
			sourceTree = "<group>";
		};
/* End PBXVariantGroup section */

/* Begin XCBuildConfiguration section */
		DE1046842A40E9C7001D27BC /* Debug */ = {
			isa = XCBuildConfiguration;
			buildSettings = {
				ALWAYS_SEARCH_USER_PATHS = NO;
				CLANG_ANALYZER_NONNULL = YES;
				CLANG_ANALYZER_NUMBER_OBJECT_CONVERSION = YES_AGGRESSIVE;
				CLANG_CXX_LANGUAGE_STANDARD = "gnu++20";
				CLANG_ENABLE_MODULES = YES;
				CLANG_ENABLE_OBJC_ARC = YES;
				CLANG_ENABLE_OBJC_WEAK = YES;
				CLANG_WARN_BLOCK_CAPTURE_AUTORELEASING = YES;
				CLANG_WARN_BOOL_CONVERSION = YES;
				CLANG_WARN_COMMA = YES;
				CLANG_WARN_CONSTANT_CONVERSION = YES;
				CLANG_WARN_DEPRECATED_OBJC_IMPLEMENTATIONS = YES;
				CLANG_WARN_DIRECT_OBJC_ISA_USAGE = YES_ERROR;
				CLANG_WARN_DOCUMENTATION_COMMENTS = YES;
				CLANG_WARN_EMPTY_BODY = YES;
				CLANG_WARN_ENUM_CONVERSION = YES;
				CLANG_WARN_INFINITE_RECURSION = YES;
				CLANG_WARN_INT_CONVERSION = YES;
				CLANG_WARN_NON_LITERAL_NULL_CONVERSION = YES;
				CLANG_WARN_OBJC_IMPLICIT_RETAIN_SELF = YES;
				CLANG_WARN_OBJC_LITERAL_CONVERSION = YES;
				CLANG_WARN_OBJC_ROOT_CLASS = YES_ERROR;
				CLANG_WARN_QUOTED_INCLUDE_IN_FRAMEWORK_HEADER = YES;
				CLANG_WARN_RANGE_LOOP_ANALYSIS = YES;
				CLANG_WARN_STRICT_PROTOTYPES = YES;
				CLANG_WARN_SUSPICIOUS_MOVE = YES;
				CLANG_WARN_UNGUARDED_AVAILABILITY = YES_AGGRESSIVE;
				CLANG_WARN_UNREACHABLE_CODE = YES;
				CLANG_WARN__DUPLICATE_METHOD_MATCH = YES;
				COPY_PHASE_STRIP = NO;
				DEBUG_INFORMATION_FORMAT = dwarf;
				ENABLE_STRICT_OBJC_MSGSEND = YES;
				ENABLE_TESTABILITY = YES;
				GCC_C_LANGUAGE_STANDARD = gnu11;
				GCC_DYNAMIC_NO_PIC = NO;
				GCC_NO_COMMON_BLOCKS = YES;
				GCC_OPTIMIZATION_LEVEL = 0;
				GCC_PREPROCESSOR_DEFINITIONS = (
					"DEBUG=1",
					"$(inherited)",
				);
				GCC_WARN_64_TO_32_BIT_CONVERSION = YES;
				GCC_WARN_ABOUT_RETURN_TYPE = YES_ERROR;
				GCC_WARN_UNDECLARED_SELECTOR = YES;
				GCC_WARN_UNINITIALIZED_AUTOS = YES_AGGRESSIVE;
				GCC_WARN_UNUSED_FUNCTION = YES;
				GCC_WARN_UNUSED_VARIABLE = YES;
				IPHONEOS_DEPLOYMENT_TARGET = 16.2;
				MTL_ENABLE_DEBUG_INFO = INCLUDE_SOURCE;
				MTL_FAST_MATH = YES;
				ONLY_ACTIVE_ARCH = YES;
				SDKROOT = iphoneos;
				SWIFT_ACTIVE_COMPILATION_CONDITIONS = DEBUG;
				SWIFT_OPTIMIZATION_LEVEL = "-Onone";
			};
			name = Debug;
		};
		DE1046852A40E9C7001D27BC /* Release */ = {
			isa = XCBuildConfiguration;
			buildSettings = {
				ALWAYS_SEARCH_USER_PATHS = NO;
				CLANG_ANALYZER_NONNULL = YES;
				CLANG_ANALYZER_NUMBER_OBJECT_CONVERSION = YES_AGGRESSIVE;
				CLANG_CXX_LANGUAGE_STANDARD = "gnu++20";
				CLANG_ENABLE_MODULES = YES;
				CLANG_ENABLE_OBJC_ARC = YES;
				CLANG_ENABLE_OBJC_WEAK = YES;
				CLANG_WARN_BLOCK_CAPTURE_AUTORELEASING = YES;
				CLANG_WARN_BOOL_CONVERSION = YES;
				CLANG_WARN_COMMA = YES;
				CLANG_WARN_CONSTANT_CONVERSION = YES;
				CLANG_WARN_DEPRECATED_OBJC_IMPLEMENTATIONS = YES;
				CLANG_WARN_DIRECT_OBJC_ISA_USAGE = YES_ERROR;
				CLANG_WARN_DOCUMENTATION_COMMENTS = YES;
				CLANG_WARN_EMPTY_BODY = YES;
				CLANG_WARN_ENUM_CONVERSION = YES;
				CLANG_WARN_INFINITE_RECURSION = YES;
				CLANG_WARN_INT_CONVERSION = YES;
				CLANG_WARN_NON_LITERAL_NULL_CONVERSION = YES;
				CLANG_WARN_OBJC_IMPLICIT_RETAIN_SELF = YES;
				CLANG_WARN_OBJC_LITERAL_CONVERSION = YES;
				CLANG_WARN_OBJC_ROOT_CLASS = YES_ERROR;
				CLANG_WARN_QUOTED_INCLUDE_IN_FRAMEWORK_HEADER = YES;
				CLANG_WARN_RANGE_LOOP_ANALYSIS = YES;
				CLANG_WARN_STRICT_PROTOTYPES = YES;
				CLANG_WARN_SUSPICIOUS_MOVE = YES;
				CLANG_WARN_UNGUARDED_AVAILABILITY = YES_AGGRESSIVE;
				CLANG_WARN_UNREACHABLE_CODE = YES;
				CLANG_WARN__DUPLICATE_METHOD_MATCH = YES;
				COPY_PHASE_STRIP = NO;
				DEBUG_INFORMATION_FORMAT = "dwarf-with-dsym";
				ENABLE_NS_ASSERTIONS = NO;
				ENABLE_STRICT_OBJC_MSGSEND = YES;
				GCC_C_LANGUAGE_STANDARD = gnu11;
				GCC_NO_COMMON_BLOCKS = YES;
				GCC_WARN_64_TO_32_BIT_CONVERSION = YES;
				GCC_WARN_ABOUT_RETURN_TYPE = YES_ERROR;
				GCC_WARN_UNDECLARED_SELECTOR = YES;
				GCC_WARN_UNINITIALIZED_AUTOS = YES_AGGRESSIVE;
				GCC_WARN_UNUSED_FUNCTION = YES;
				GCC_WARN_UNUSED_VARIABLE = YES;
				IPHONEOS_DEPLOYMENT_TARGET = 16.2;
				MTL_ENABLE_DEBUG_INFO = NO;
				MTL_FAST_MATH = YES;
				SDKROOT = iphoneos;
				SWIFT_COMPILATION_MODE = wholemodule;
				SWIFT_OPTIMIZATION_LEVEL = "-O";
				VALIDATE_PRODUCT = YES;
			};
			name = Release;
		};
		DE1046872A40E9C7001D27BC /* Debug */ = {
			isa = XCBuildConfiguration;
			baseConfigurationReference = 6061086378B12C7AD6BEBBE5 /* Pods-Lesson 1.debug.xcconfig */;
			buildSettings = {
				ASSETCATALOG_COMPILER_APPICON_NAME = AppIcon;
				ASSETCATALOG_COMPILER_GLOBAL_ACCENT_COLOR_NAME = AccentColor;
				CODE_SIGN_ENTITLEMENTS = "Lesson 1/Lesson 1.entitlements";
				CODE_SIGN_STYLE = Automatic;
				CURRENT_PROJECT_VERSION = 1;
				DEVELOPMENT_TEAM = 59A3B26389;
				GENERATE_INFOPLIST_FILE = YES;
				INFOPLIST_FILE = "Lesson 1/Info.plist";
				INFOPLIST_KEY_NSLocationAlwaysAndWhenInUseUsageDescription = "Для геолокации";
				INFOPLIST_KEY_UIApplicationSupportsIndirectInputEvents = YES;
				INFOPLIST_KEY_UILaunchStoryboardName = LaunchScreen;
				INFOPLIST_KEY_UIMainStoryboardFile = Main;
				INFOPLIST_KEY_UISupportedInterfaceOrientations_iPad = "UIInterfaceOrientationPortrait UIInterfaceOrientationPortraitUpsideDown UIInterfaceOrientationLandscapeLeft UIInterfaceOrientationLandscapeRight";
				INFOPLIST_KEY_UISupportedInterfaceOrientations_iPhone = "UIInterfaceOrientationPortrait UIInterfaceOrientationLandscapeLeft UIInterfaceOrientationLandscapeRight";
				LD_RUNPATH_SEARCH_PATHS = (
					"$(inherited)",
					"@executable_path/Frameworks",
				);
				MARKETING_VERSION = 1.0;
				PRODUCT_BUNDLE_IDENTIFIER = "XX.Lesson-1";
				PRODUCT_NAME = "$(TARGET_NAME)";
				SWIFT_EMIT_LOC_STRINGS = YES;
				SWIFT_VERSION = 5.0;
				TARGETED_DEVICE_FAMILY = "1,2";
			};
			name = Debug;
		};
		DE1046882A40E9C7001D27BC /* Release */ = {
			isa = XCBuildConfiguration;
			baseConfigurationReference = 9AFF8615086E8814D49EA5E4 /* Pods-Lesson 1.release.xcconfig */;
			buildSettings = {
				ASSETCATALOG_COMPILER_APPICON_NAME = AppIcon;
				ASSETCATALOG_COMPILER_GLOBAL_ACCENT_COLOR_NAME = AccentColor;
				CODE_SIGN_ENTITLEMENTS = "Lesson 1/Lesson 1.entitlements";
				CODE_SIGN_STYLE = Automatic;
				CURRENT_PROJECT_VERSION = 1;
				DEVELOPMENT_TEAM = 59A3B26389;
				GENERATE_INFOPLIST_FILE = YES;
				INFOPLIST_FILE = "Lesson 1/Info.plist";
				INFOPLIST_KEY_NSLocationAlwaysAndWhenInUseUsageDescription = "Для геолокации";
				INFOPLIST_KEY_UIApplicationSupportsIndirectInputEvents = YES;
				INFOPLIST_KEY_UILaunchStoryboardName = LaunchScreen;
				INFOPLIST_KEY_UIMainStoryboardFile = Main;
				INFOPLIST_KEY_UISupportedInterfaceOrientations_iPad = "UIInterfaceOrientationPortrait UIInterfaceOrientationPortraitUpsideDown UIInterfaceOrientationLandscapeLeft UIInterfaceOrientationLandscapeRight";
				INFOPLIST_KEY_UISupportedInterfaceOrientations_iPhone = "UIInterfaceOrientationPortrait UIInterfaceOrientationLandscapeLeft UIInterfaceOrientationLandscapeRight";
				LD_RUNPATH_SEARCH_PATHS = (
					"$(inherited)",
					"@executable_path/Frameworks",
				);
				MARKETING_VERSION = 1.0;
				PRODUCT_BUNDLE_IDENTIFIER = "XX.Lesson-1";
				PRODUCT_NAME = "$(TARGET_NAME)";
				SWIFT_EMIT_LOC_STRINGS = YES;
				SWIFT_VERSION = 5.0;
				TARGETED_DEVICE_FAMILY = "1,2";
			};
			name = Release;
		};
/* End XCBuildConfiguration section */

/* Begin XCConfigurationList section */
		DE10466D2A40E9C5001D27BC /* Build configuration list for PBXProject "Lesson 1" */ = {
			isa = XCConfigurationList;
			buildConfigurations = (
				DE1046842A40E9C7001D27BC /* Debug */,
				DE1046852A40E9C7001D27BC /* Release */,
			);
			defaultConfigurationIsVisible = 0;
			defaultConfigurationName = Release;
		};
		DE1046862A40E9C7001D27BC /* Build configuration list for PBXNativeTarget "Lesson 1" */ = {
			isa = XCConfigurationList;
			buildConfigurations = (
				DE1046872A40E9C7001D27BC /* Debug */,
				DE1046882A40E9C7001D27BC /* Release */,
			);
			defaultConfigurationIsVisible = 0;
			defaultConfigurationName = Release;
		};
/* End XCConfigurationList section */
	};
	rootObject = DE10466A2A40E9C5001D27BC /* Project object */;
}
